// !$*UTF8*$!
{
	archiveVersion = 1;
	classes = {
	};
	objectVersion = 46;
	objects = {

/* Begin PBXBuildFile section */
		472BB8C11A6F626A005314C2 /* AppDelegate.swift in Sources */ = {isa = PBXBuildFile; fileRef = 472BB8C01A6F626A005314C2 /* AppDelegate.swift */; };
		472BB8C31A6F626A005314C2 /* ViewController.swift in Sources */ = {isa = PBXBuildFile; fileRef = 472BB8C21A6F626A005314C2 /* ViewController.swift */; };
		472BB8C61A6F626A005314C2 /* Main.storyboard in Resources */ = {isa = PBXBuildFile; fileRef = 472BB8C41A6F626A005314C2 /* Main.storyboard */; };
		472BB8C81A6F626A005314C2 /* Images.xcassets in Resources */ = {isa = PBXBuildFile; fileRef = 472BB8C71A6F626A005314C2 /* Images.xcassets */; };
		472BB8CB1A6F626A005314C2 /* LaunchScreen.xib in Resources */ = {isa = PBXBuildFile; fileRef = 472BB8C91A6F626A005314C2 /* LaunchScreen.xib */; };
		472BB8D71A6F626A005314C2 /* SinglePageToDoTests.swift in Sources */ = {isa = PBXBuildFile; fileRef = 472BB8D61A6F626A005314C2 /* SinglePageToDoTests.swift */; };
/* End PBXBuildFile section */

/* Begin PBXContainerItemProxy section */
		472BB8D11A6F626A005314C2 /* PBXContainerItemProxy */ = {
			isa = PBXContainerItemProxy;
			containerPortal = 472BB8B31A6F626A005314C2 /* Project object */;
			proxyType = 1;
			remoteGlobalIDString = 472BB8BA1A6F626A005314C2;
			remoteInfo = SinglePageToDo;
		};
/* End PBXContainerItemProxy section */

/* Begin PBXFileReference section */
		472BB8BB1A6F626A005314C2 /* SinglePageToDo.app */ = {isa = PBXFileReference; explicitFileType = wrapper.application; includeInIndex = 0; path = SinglePageToDo.app; sourceTree = BUILT_PRODUCTS_DIR; };
		472BB8BF1A6F626A005314C2 /* Info.plist */ = {isa = PBXFileReference; lastKnownFileType = text.plist.xml; path = Info.plist; sourceTree = "<group>"; };
		472BB8C01A6F626A005314C2 /* AppDelegate.swift */ = {isa = PBXFileReference; lastKnownFileType = sourcecode.swift; path = AppDelegate.swift; sourceTree = "<group>"; };
		472BB8C21A6F626A005314C2 /* ViewController.swift */ = {isa = PBXFileReference; lastKnownFileType = sourcecode.swift; path = ViewController.swift; sourceTree = "<group>"; };
		472BB8C51A6F626A005314C2 /* Base */ = {isa = PBXFileReference; lastKnownFileType = file.storyboard; name = Base; path = Base.lproj/Main.storyboard; sourceTree = "<group>"; };
		472BB8C71A6F626A005314C2 /* Images.xcassets */ = {isa = PBXFileReference; lastKnownFileType = folder.assetcatalog; path = Images.xcassets; sourceTree = "<group>"; };
		472BB8CA1A6F626A005314C2 /* Base */ = {isa = PBXFileReference; lastKnownFileType = file.xib; name = Base; path = Base.lproj/LaunchScreen.xib; sourceTree = "<group>"; };
		472BB8D01A6F626A005314C2 /* SinglePageToDoTests.xctest */ = {isa = PBXFileReference; explicitFileType = wrapper.cfbundle; includeInIndex = 0; path = SinglePageToDoTests.xctest; sourceTree = BUILT_PRODUCTS_DIR; };
		472BB8D51A6F626A005314C2 /* Info.plist */ = {isa = PBXFileReference; lastKnownFileType = text.plist.xml; path = Info.plist; sourceTree = "<group>"; };
		472BB8D61A6F626A005314C2 /* SinglePageToDoTests.swift */ = {isa = PBXFileReference; lastKnownFileType = sourcecode.swift; path = SinglePageToDoTests.swift; sourceTree = "<group>"; };
/* End PBXFileReference section */

/* Begin PBXFrameworksBuildPhase section */
		472BB8B81A6F626A005314C2 /* Frameworks */ = {
			isa = PBXFrameworksBuildPhase;
			buildActionMask = 2147483647;
			files = (
			);
			runOnlyForDeploymentPostprocessing = 0;
		};
		472BB8CD1A6F626A005314C2 /* Frameworks */ = {
			isa = PBXFrameworksBuildPhase;
			buildActionMask = 2147483647;
			files = (
			);
			runOnlyForDeploymentPostprocessing = 0;
		};
/* End PBXFrameworksBuildPhase section */

/* Begin PBXGroup section */
		472BB8B21A6F626A005314C2 = {
			isa = PBXGroup;
			children = (
				472BB8BD1A6F626A005314C2 /* SinglePageToDo */,
				472BB8D31A6F626A005314C2 /* SinglePageToDoTests */,
				472BB8BC1A6F626A005314C2 /* Products */,
			);
			sourceTree = "<group>";
		};
		472BB8BC1A6F626A005314C2 /* Products */ = {
			isa = PBXGroup;
			children = (
				472BB8BB1A6F626A005314C2 /* SinglePageToDo.app */,
				472BB8D01A6F626A005314C2 /* SinglePageToDoTests.xctest */,
			);
			name = Products;
			sourceTree = "<group>";
		};
		472BB8BD1A6F626A005314C2 /* SinglePageToDo */ = {
			isa = PBXGroup;
			children = (
				472BB8C01A6F626A005314C2 /* AppDelegate.swift */,
				472BB8C21A6F626A005314C2 /* ViewController.swift */,
				472BB8C41A6F626A005314C2 /* Main.storyboard */,
				472BB8C71A6F626A005314C2 /* Images.xcassets */,
				472BB8C91A6F626A005314C2 /* LaunchScreen.xib */,
				472BB8BE1A6F626A005314C2 /* Supporting Files */,
			);
			path = SinglePageToDo;
			sourceTree = "<group>";
		};
		472BB8BE1A6F626A005314C2 /* Supporting Files */ = {
			isa = PBXGroup;
			children = (
				472BB8BF1A6F626A005314C2 /* Info.plist */,
			);
			name = "Supporting Files";
			sourceTree = "<group>";
		};
		472BB8D31A6F626A005314C2 /* SinglePageToDoTests */ = {
			isa = PBXGroup;
			children = (
				472BB8D61A6F626A005314C2 /* SinglePageToDoTests.swift */,
				472BB8D41A6F626A005314C2 /* Supporting Files */,
			);
			path = SinglePageToDoTests;
			sourceTree = "<group>";
		};
		472BB8D41A6F626A005314C2 /* Supporting Files */ = {
			isa = PBXGroup;
			children = (
				472BB8D51A6F626A005314C2 /* Info.plist */,
			);
			name = "Supporting Files";
			sourceTree = "<group>";
		};
/* End PBXGroup section */

/* Begin PBXNativeTarget section */
		472BB8BA1A6F626A005314C2 /* SinglePageToDo */ = {
			isa = PBXNativeTarget;
			buildConfigurationList = 472BB8DA1A6F626A005314C2 /* Build configuration list for PBXNativeTarget "SinglePageToDo" */;
			buildPhases = (
				472BB8B71A6F626A005314C2 /* Sources */,
				472BB8B81A6F626A005314C2 /* Frameworks */,
				472BB8B91A6F626A005314C2 /* Resources */,
			);
			buildRules = (
			);
			dependencies = (
			);
			name = SinglePageToDo;
			productName = SinglePageToDo;
			productReference = 472BB8BB1A6F626A005314C2 /* SinglePageToDo.app */;
			productType = "com.apple.product-type.application";
		};
		472BB8CF1A6F626A005314C2 /* SinglePageToDoTests */ = {
			isa = PBXNativeTarget;
			buildConfigurationList = 472BB8DD1A6F626A005314C2 /* Build configuration list for PBXNativeTarget "SinglePageToDoTests" */;
			buildPhases = (
				472BB8CC1A6F626A005314C2 /* Sources */,
				472BB8CD1A6F626A005314C2 /* Frameworks */,
				472BB8CE1A6F626A005314C2 /* Resources */,
			);
			buildRules = (
			);
			dependencies = (
				472BB8D21A6F626A005314C2 /* PBXTargetDependency */,
			);
			name = SinglePageToDoTests;
			productName = SinglePageToDoTests;
			productReference = 472BB8D01A6F626A005314C2 /* SinglePageToDoTests.xctest */;
			productType = "com.apple.product-type.bundle.unit-test";
		};
/* End PBXNativeTarget section */

/* Begin PBXProject section */
		472BB8B31A6F626A005314C2 /* Project object */ = {
			isa = PBXProject;
			attributes = {
				LastUpgradeCheck = 0610;
				ORGANIZATIONNAME = "Austen Talbot";
				TargetAttributes = {
					472BB8BA1A6F626A005314C2 = {
						CreatedOnToolsVersion = 6.1.1;
					};
					472BB8CF1A6F626A005314C2 = {
						CreatedOnToolsVersion = 6.1.1;
						TestTargetID = 472BB8BA1A6F626A005314C2;
					};
				};
			};
			buildConfigurationList = 472BB8B61A6F626A005314C2 /* Build configuration list for PBXProject "SinglePageToDo" */;
			compatibilityVersion = "Xcode 3.2";
			developmentRegion = English;
			hasScannedForEncodings = 0;
			knownRegions = (
				en,
				Base,
			);
			mainGroup = 472BB8B21A6F626A005314C2;
			productRefGroup = 472BB8BC1A6F626A005314C2 /* Products */;
			projectDirPath = "";
			projectRoot = "";
			targets = (
				472BB8BA1A6F626A005314C2 /* SinglePageToDo */,
				472BB8CF1A6F626A005314C2 /* SinglePageToDoTests */,
			);
		};
/* End PBXProject section */

/* Begin PBXResourcesBuildPhase section */
		472BB8B91A6F626A005314C2 /* Resources */ = {
			isa = PBXResourcesBuildPhase;
			buildActionMask = 2147483647;
			files = (
				472BB8C61A6F626A005314C2 /* Main.storyboard in Resources */,
				472BB8CB1A6F626A005314C2 /* LaunchScreen.xib in Resources */,
				472BB8C81A6F626A005314C2 /* Images.xcassets in Resources */,
			);
			runOnlyForDeploymentPostprocessing = 0;
		};
		472BB8CE1A6F626A005314C2 /* Resources */ = {
			isa = PBXResourcesBuildPhase;
			buildActionMask = 2147483647;
			files = (
			);
			runOnlyForDeploymentPostprocessing = 0;
		};
/* End PBXResourcesBuildPhase section */

/* Begin PBXSourcesBuildPhase section */
		472BB8B71A6F626A005314C2 /* Sources */ = {
			isa = PBXSourcesBuildPhase;
			buildActionMask = 2147483647;
			files = (
				472BB8C31A6F626A005314C2 /* ViewController.swift in Sources */,
				472BB8C11A6F626A005314C2 /* AppDelegate.swift in Sources */,
			);
			runOnlyForDeploymentPostprocessing = 0;
		};
		472BB8CC1A6F626A005314C2 /* Sources */ = {
			isa = PBXSourcesBuildPhase;
			buildActionMask = 2147483647;
			files = (
				472BB8D71A6F626A005314C2 /* SinglePageToDoTests.swift in Sources */,
			);
			runOnlyForDeploymentPostprocessing = 0;
		};
/* End PBXSourcesBuildPhase section */

/* Begin PBXTargetDependency section */
		472BB8D21A6F626A005314C2 /* PBXTargetDependency */ = {
			isa = PBXTargetDependency;
			target = 472BB8BA1A6F626A005314C2 /* SinglePageToDo */;
			targetProxy = 472BB8D11A6F626A005314C2 /* PBXContainerItemProxy */;
		};
/* End PBXTargetDependency section */

/* Begin PBXVariantGroup section */
		472BB8C41A6F626A005314C2 /* Main.storyboard */ = {
			isa = PBXVariantGroup;
			children = (
				472BB8C51A6F626A005314C2 /* Base */,
			);
			name = Main.storyboard;
			sourceTree = "<group>";
		};
		472BB8C91A6F626A005314C2 /* LaunchScreen.xib */ = {
			isa = PBXVariantGroup;
			children = (
				472BB8CA1A6F626A005314C2 /* Base */,
			);
			name = LaunchScreen.xib;
			sourceTree = "<group>";
		};
/* End PBXVariantGroup section */

/* Begin XCBuildConfiguration section */
		472BB8D81A6F626A005314C2 /* Debug */ = {
			isa = XCBuildConfiguration;
			buildSettings = {
				ALWAYS_SEARCH_USER_PATHS = NO;
				CLANG_CXX_LANGUAGE_STANDARD = "gnu++0x";
				CLANG_CXX_LIBRARY = "libc++";
				CLANG_ENABLE_MODULES = YES;
				CLANG_ENABLE_OBJC_ARC = YES;
				CLANG_WARN_BOOL_CONVERSION = YES;
				CLANG_WARN_CONSTANT_CONVERSION = YES;
				CLANG_WARN_DIRECT_OBJC_ISA_USAGE = YES_ERROR;
				CLANG_WARN_EMPTY_BODY = YES;
				CLANG_WARN_ENUM_CONVERSION = YES;
				CLANG_WARN_INT_CONVERSION = YES;
				CLANG_WARN_OBJC_ROOT_CLASS = YES_ERROR;
				CLANG_WARN_UNREACHABLE_CODE = YES;
				CLANG_WARN__DUPLICATE_METHOD_MATCH = YES;
				"CODE_SIGN_IDENTITY[sdk=iphoneos*]" = "iPhone Developer";
				COPY_PHASE_STRIP = NO;
				ENABLE_STRICT_OBJC_MSGSEND = YES;
				GCC_C_LANGUAGE_STANDARD = gnu99;
				GCC_DYNAMIC_NO_PIC = NO;
				GCC_OPTIMIZATION_LEVEL = 0;
				GCC_PREPROCESSOR_DEFINITIONS = (
					"DEBUG=1",
					"$(inherited)",
				);
				GCC_SYMBOLS_PRIVATE_EXTERN = NO;
				GCC_WARN_64_TO_32_BIT_CONVERSION = YES;
				GCC_WARN_ABOUT_RETURN_TYPE = YES_ERROR;
				GCC_WARN_UNDECLARED_SELECTOR = YES;
				GCC_WARN_UNINITIALIZED_AUTOS = YES_AGGRESSIVE;
				GCC_WARN_UNUSED_FUNCTION = YES;
				GCC_WARN_UNUSED_VARIABLE = YES;
				IPHONEOS_DEPLOYMENT_TARGET = 8.1;
				MTL_ENABLE_DEBUG_INFO = YES;
				ONLY_ACTIVE_ARCH = YES;
				SDKROOT = iphoneos;
				SWIFT_OPTIMIZATION_LEVEL = "-Onone";
				TARGETED_DEVICE_FAMILY = "1,2";
			};
			name = Debug;
		};
		472BB8D91A6F626A005314C2 /* Release */ = {
			isa = XCBuildConfiguration;
			buildSettings = {
				ALWAYS_SEARCH_USER_PATHS = NO;
				CLANG_CXX_LANGUAGE_STANDARD = "gnu++0x";
				CLANG_CXX_LIBRARY = "libc++";
				CLANG_ENABLE_MODULES = YES;
				CLANG_ENABLE_OBJC_ARC = YES;
				CLANG_WARN_BOOL_CONVERSION = YES;
				CLANG_WARN_CONSTANT_CONVERSION = YES;
				CLANG_WARN_DIRECT_OBJC_ISA_USAGE = YES_ERROR;
				CLANG_WARN_EMPTY_BODY = YES;
				CLANG_WARN_ENUM_CONVERSION = YES;
				CLANG_WARN_INT_CONVERSION = YES;
				CLANG_WARN_OBJC_ROOT_CLASS = YES_ERROR;
				CLANG_WARN_UNREACHABLE_CODE = YES;
				CLANG_WARN__DUPLICATE_METHOD_MATCH = YES;
				"CODE_SIGN_IDENTITY[sdk=iphoneos*]" = "iPhone Developer";
				COPY_PHASE_STRIP = YES;
				ENABLE_NS_ASSERTIONS = NO;
				ENABLE_STRICT_OBJC_MSGSEND = YES;
				GCC_C_LANGUAGE_STANDARD = gnu99;
				GCC_WARN_64_TO_32_BIT_CONVERSION = YES;
				GCC_WARN_ABOUT_RETURN_TYPE = YES_ERROR;
				GCC_WARN_UNDECLARED_SELECTOR = YES;
				GCC_WARN_UNINITIALIZED_AUTOS = YES_AGGRESSIVE;
				GCC_WARN_UNUSED_FUNCTION = YES;
				GCC_WARN_UNUSED_VARIABLE = YES;
				IPHONEOS_DEPLOYMENT_TARGET = 8.1;
				MTL_ENABLE_DEBUG_INFO = NO;
				SDKROOT = iphoneos;
				TARGETED_DEVICE_FAMILY = "1,2";
				VALIDATE_PRODUCT = YES;
			};
			name = Release;
		};
		472BB8DB1A6F626A005314C2 /* Debug */ = {
			isa = XCBuildConfiguration;
			buildSettings = {
				ASSETCATALOG_COMPILER_APPICON_NAME = AppIcon;
				INFOPLIST_FILE = SinglePageToDo/Info.plist;
				LD_RUNPATH_SEARCH_PATHS = "$(inherited) @executable_path/Frameworks";
				PRODUCT_NAME = "$(TARGET_NAME)";
			};
			name = Debug;
		};
		472BB8DC1A6F626A005314C2 /* Release */ = {
			isa = XCBuildConfiguration;
			buildSettings = {
				ASSETCATALOG_COMPILER_APPICON_NAME = AppIcon;
				INFOPLIST_FILE = SinglePageToDo/Info.plist;
				LD_RUNPATH_SEARCH_PATHS = "$(inherited) @executable_path/Frameworks";
				PRODUCT_NAME = "$(TARGET_NAME)";
			};
			name = Release;
		};
		472BB8DE1A6F626A005314C2 /* Debug */ = {
			isa = XCBuildConfiguration;
			buildSettings = {
				BUNDLE_LOADER = "$(TEST_HOST)";
				FRAMEWORK_SEARCH_PATHS = (
					"$(SDKROOT)/Developer/Library/Frameworks",
					"$(inherited)",
				);
				GCC_PREPROCESSOR_DEFINITIONS = (
					"DEBUG=1",
					"$(inherited)",
				);
				INFOPLIST_FILE = SinglePageToDoTests/Info.plist;
				LD_RUNPATH_SEARCH_PATHS = "$(inherited) @executable_path/Frameworks @loader_path/Frameworks";
				PRODUCT_NAME = "$(TARGET_NAME)";
				TEST_HOST = "$(BUILT_PRODUCTS_DIR)/SinglePageToDo.app/SinglePageToDo";
			};
			name = Debug;
		};
		472BB8DF1A6F626A005314C2 /* Release */ = {
			isa = XCBuildConfiguration;
			buildSettings = {
				BUNDLE_LOADER = "$(TEST_HOST)";
				FRAMEWORK_SEARCH_PATHS = (
					"$(SDKROOT)/Developer/Library/Frameworks",
					"$(inherited)",
				);
				INFOPLIST_FILE = SinglePageToDoTests/Info.plist;
				LD_RUNPATH_SEARCH_PATHS = "$(inherited) @executable_path/Frameworks @loader_path/Frameworks";
				PRODUCT_NAME = "$(TARGET_NAME)";
				TEST_HOST = "$(BUILT_PRODUCTS_DIR)/SinglePageToDo.app/SinglePageToDo";
			};
			name = Release;
		};
/* End XCBuildConfiguration section */

/* Begin XCConfigurationList section */
		472BB8B61A6F626A005314C2 /* Build configuration list for PBXProject "SinglePageToDo" */ = {
			isa = XCConfigurationList;
			buildConfigurations = (
				472BB8D81A6F626A005314C2 /* Debug */,
				472BB8D91A6F626A005314C2 /* Release */,
			);
			defaultConfigurationIsVisible = 0;
			defaultConfigurationName = Release;
		};
		472BB8DA1A6F626A005314C2 /* Build configuration list for PBXNativeTarget "SinglePageToDo" */ = {
			isa = XCConfigurationList;
			buildConfigurations = (
				472BB8DB1A6F626A005314C2 /* Debug */,
				472BB8DC1A6F626A005314C2 /* Release */,
			);
			defaultConfigurationIsVisible = 0;
		};
		472BB8DD1A6F626A005314C2 /* Build configuration list for PBXNativeTarget "SinglePageToDoTests" */ = {
			isa = XCConfigurationList;
			buildConfigurations = (
				472BB8DE1A6F626A005314C2 /* Debug */,
				472BB8DF1A6F626A005314C2 /* Release */,
			);
			defaultConfigurationIsVisible = 0;
		};
/* End XCConfigurationList section */
	};
	rootObject = 472BB8B31A6F626A005314C2 /* Project object */;
}
